PODS:
  - Capacitor (8.3.4):
    - CapacitorCordova
  - CapacitorCordova (8.3.4)
  - CapacitorFilesystem (8.1.2):
    - Capacitor
    - IONFilesystemLib (~> 1.1.1)
  - IONFilesystemLib (1.1.2)

DEPENDENCIES:
  - "Capacitor (from `../../node_modules/@capacitor/ios`)"
  - "CapacitorCordova (from `../../node_modules/@capacitor/ios`)"
  - "CapacitorFilesystem (from `../../node_modules/@capacitor/filesystem`)"

SPEC REPOS:
  trunk:
    - IONFilesystemLib

EXTERNAL SOURCES:
  Capacitor:
    :path: "../../node_modules/@capacitor/ios"
  CapacitorCordova:
    :path: "../../node_modules/@capacitor/ios"
  CapacitorFilesystem:
    :path: "../../node_modules/@capacitor/filesystem"

SPEC CHECKSUMS:
  Capacitor: d13cad5fa09155679672808cc4ca9fbc2997e1b4
  CapacitorCordova: c07921bdcfec6f691bae22274446b4d606ebf6a4
  CapacitorFilesystem: 2db285a1ac6e475cc27cae2e1bea999000f9e2be
  IONFilesystemLib: 21a63377696b2d8fab5632ecfb7d2ac67bddb68a

PODFILE CHECKSUM: 2615ecd51582c1adaec276a7181d3f73ce0da950

COCOAPODS: 1.16.2
